lockfileVersion: 5.4

specifiers:
  '@typescript-eslint/eslint-plugin': '*'
  '@typescript-eslint/parser': '*'
  eslint-config-import: '*'
  eslint-plugin-prettier: '*'

dependencies:
  '@typescript-eslint/eslint-plugin': registry.npmjs.org/@typescript-eslint/eslint-plugin/5.55.0_xfvdqyopd6lx2ukydhbamzgsxm
  '@typescript-eslint/parser': registry.npmjs.org/@typescript-eslint/parser/5.55.0
  eslint-config-import: registry.npmjs.org/eslint-config-import/0.13.0
  eslint-plugin-prettier: registry.npmjs.org/eslint-plugin-prettier/4.2.1

packages:

  registry.npmjs.org/@eslint-community/eslint-utils/4.3.0:
    resolution: {integrity: sha512-v3oplH6FYCULtFuCeqyuTd9D2WKO937Dxdq+GmHOLL72TTRriLxz2VLlNfkZRsvj6PKnOPAtuT6dwrs/pA5DvA==, registry: https://npm.pkg.github.com/specialblend, tarball: https://registry.npmjs.org/@eslint-community/eslint-utils/-/eslint-utils-4.3.0.tgz}
    name: '@eslint-community/eslint-utils'
    version: 4.3.0
    engines: {node: ^12.22.0 || ^14.17.0 || >=16.0.0}
    peerDependencies:
      eslint: ^6.0.0 || ^7.0.0 || >=8.0.0
    dependencies:
      eslint-visitor-keys: registry.npmjs.org/eslint-visitor-keys/3.3.0
    dev: false

  registry.npmjs.org/@eslint-community/regexpp/4.4.0:
    resolution: {integrity: sha512-A9983Q0LnDGdLPjxyXQ00sbV+K+O+ko2Dr+CZigbHWtX9pNfxlaBkMR8X1CztI73zuEyEBXTVjx7CE+/VSwDiQ==, registry: https://npm.pkg.github.com/specialblend, tarball: https://registry.npmjs.org/@eslint-community/regexpp/-/regexpp-4.4.0.tgz}
    name: '@eslint-community/regexpp'
    version: 4.4.0
    engines: {node: ^12.0.0 || ^14.0.0 || >=16.0.0}
    dev: false

  registry.npmjs.org/@nodelib/fs.scandir/2.1.5:
    resolution: {integrity: sha512-vq24Bq3ym5HEQm2NKCr3yXDwjc7vTsEThRDnkp2DK9p1uqLR+DHurm/NOTo0KG7HYHU7eppKZj3MyqYuMBf62g==, registry: https://npm.pkg.github.com/specialblend, tarball: https://registry.npmjs.org/@nodelib/fs.scandir/-/fs.scandir-2.1.5.tgz}
    name: '@nodelib/fs.scandir'
    version: 2.1.5
    engines: {node: '>= 8'}
    dependencies:
      '@nodelib/fs.stat': registry.npmjs.org/@nodelib/fs.stat/2.0.5
      run-parallel: registry.npmjs.org/run-parallel/1.2.0
    dev: false

  registry.npmjs.org/@nodelib/fs.stat/2.0.5:
    resolution: {integrity: sha512-RkhPPp2zrqDAQA/2jNhnztcPAlv64XdhIp7a7454A5ovI7Bukxgt7MX7udwAu3zg1DcpPU0rz3VV1SeaqvY4+A==, registry: https://npm.pkg.github.com/specialblend, tarball: https://registry.npmjs.org/@nodelib/fs.stat/-/fs.stat-2.0.5.tgz}
    name: '@nodelib/fs.stat'
    version: 2.0.5
    engines: {node: '>= 8'}
    dev: false

  registry.npmjs.org/@nodelib/fs.walk/1.2.8:
    resolution: {integrity: sha512-oGB+UxlgWcgQkgwo8GcEGwemoTFt3FIO9ababBmaGwXIoBKZ+GTy0pP185beGg7Llih/NSHSV2XAs1lnznocSg==, registry: https://npm.pkg.github.com/specialblend, tarball: https://registry.npmjs.org/@nodelib/fs.walk/-/fs.walk-1.2.8.tgz}
    name: '@nodelib/fs.walk'
    version: 1.2.8
    engines: {node: '>= 8'}
    dependencies:
      '@nodelib/fs.scandir': registry.npmjs.org/@nodelib/fs.scandir/2.1.5
      fastq: registry.npmjs.org/fastq/1.15.0
    dev: false

  registry.npmjs.org/@types/json-schema/7.0.11:
    resolution: {integrity: sha512-wOuvG1SN4Us4rez+tylwwwCV1psiNVOkJeM3AUWUNWg/jDQY2+HE/444y5gc+jBmRqASOm2Oeh5c1axHobwRKQ==, registry: https://npm.pkg.github.com/specialblend, tarball: https://registry.npmjs.org/@types/json-schema/-/json-schema-7.0.11.tgz}
    name: '@types/json-schema'
    version: 7.0.11
    dev: false

  registry.npmjs.org/@types/semver/7.3.13:
    resolution: {integrity: sha512-21cFJr9z3g5dW8B0CVI9g2O9beqaThGQ6ZFBqHfwhzLDKUxaqTIy3vnfah/UPkfOiF2pLq+tGz+W8RyCskuslw==, registry: https://npm.pkg.github.com/specialblend, tarball: https://registry.npmjs.org/@types/semver/-/semver-7.3.13.tgz}
    name: '@types/semver'
    version: 7.3.13
    dev: false

  registry.npmjs.org/@typescript-eslint/eslint-plugin/5.55.0_xfvdqyopd6lx2ukydhbamzgsxm:
    resolution: {integrity: sha512-IZGc50rtbjk+xp5YQoJvmMPmJEYoC53SiKPXyqWfv15XoD2Y5Kju6zN0DwlmaGJp1Iw33JsWJcQ7nw0lGCGjVg==, registry: https://npm.pkg.github.com/specialblend, tarball: https://registry.npmjs.org/@typescript-eslint/eslint-plugin/-/eslint-plugin-5.55.0.tgz}
    id: registry.npmjs.org/@typescript-eslint/eslint-plugin/5.55.0
    name: '@typescript-eslint/eslint-plugin'
    version: 5.55.0
    engines: {node: ^12.22.0 || ^14.17.0 || >=16.0.0}
    peerDependencies:
      '@typescript-eslint/parser': ^5.0.0
      eslint: ^6.0.0 || ^7.0.0 || ^8.0.0
      typescript: '*'
    peerDependenciesMeta:
      typescript:
        optional: true
    dependencies:
      '@eslint-community/regexpp': registry.npmjs.org/@eslint-community/regexpp/4.4.0
      '@typescript-eslint/parser': registry.npmjs.org/@typescript-eslint/parser/5.55.0
      '@typescript-eslint/scope-manager': registry.npmjs.org/@typescript-eslint/scope-manager/5.55.0
      '@typescript-eslint/type-utils': registry.npmjs.org/@typescript-eslint/type-utils/5.55.0
      '@typescript-eslint/utils': registry.npmjs.org/@typescript-eslint/utils/5.55.0
      debug: registry.npmjs.org/debug/4.3.4
      grapheme-splitter: registry.npmjs.org/grapheme-splitter/1.0.4
      ignore: registry.npmjs.org/ignore/5.2.4
      natural-compare-lite: registry.npmjs.org/natural-compare-lite/1.4.0
      semver: registry.npmjs.org/semver/7.3.8
      tsutils: registry.npmjs.org/tsutils/3.21.0
    transitivePeerDependencies:
      - supports-color
    dev: false

  registry.npmjs.org/@typescript-eslint/parser/5.55.0:
    resolution: {integrity: sha512-ppvmeF7hvdhUUZWSd2EEWfzcFkjJzgNQzVST22nzg958CR+sphy8A6K7LXQZd6V75m1VKjp+J4g/PCEfSCmzhw==, registry: https://npm.pkg.github.com/specialblend, tarball: https://registry.npmjs.org/@typescript-eslint/parser/-/parser-5.55.0.tgz}
    name: '@typescript-eslint/parser'
    version: 5.55.0
    engines: {node: ^12.22.0 || ^14.17.0 || >=16.0.0}
    peerDependencies:
      eslint: ^6.0.0 || ^7.0.0 || ^8.0.0
      typescript: '*'
    peerDependenciesMeta:
      typescript:
        optional: true
    dependencies:
      '@typescript-eslint/scope-manager': registry.npmjs.org/@typescript-eslint/scope-manager/5.55.0
      '@typescript-eslint/types': registry.npmjs.org/@typescript-eslint/types/5.55.0
      '@typescript-eslint/typescript-estree': registry.npmjs.org/@typescript-eslint/typescript-estree/5.55.0
      debug: registry.npmjs.org/debug/4.3.4
    transitivePeerDependencies:
      - supports-color
    dev: false

  registry.npmjs.org/@typescript-eslint/scope-manager/5.55.0:
    resolution: {integrity: sha512-OK+cIO1ZGhJYNCL//a3ROpsd83psf4dUJ4j7pdNVzd5DmIk+ffkuUIX2vcZQbEW/IR41DYsfJTB19tpCboxQuw==, registry: https://npm.pkg.github.com/specialblend, tarball: https://registry.npmjs.org/@typescript-eslint/scope-manager/-/scope-manager-5.55.0.tgz}
    name: '@typescript-eslint/scope-manager'
    version: 5.55.0
    engines: {node: ^12.22.0 || ^14.17.0 || >=16.0.0}
    dependencies:
      '@typescript-eslint/types': registry.npmjs.org/@typescript-eslint/types/5.55.0
      '@typescript-eslint/visitor-keys': registry.npmjs.org/@typescript-eslint/visitor-keys/5.55.0
    dev: false

  registry.npmjs.org/@typescript-eslint/type-utils/5.55.0:
    resolution: {integrity: sha512-ObqxBgHIXj8rBNm0yh8oORFrICcJuZPZTqtAFh0oZQyr5DnAHZWfyw54RwpEEH+fD8suZaI0YxvWu5tYE/WswA==, registry: https://npm.pkg.github.com/specialblend, tarball: https://registry.npmjs.org/@typescript-eslint/type-utils/-/type-utils-5.55.0.tgz}
    name: '@typescript-eslint/type-utils'
    version: 5.55.0
    engines: {node: ^12.22.0 || ^14.17.0 || >=16.0.0}
    peerDependencies:
      eslint: '*'
      typescript: '*'
    peerDependenciesMeta:
      typescript:
        optional: true
    dependencies:
      '@typescript-eslint/typescript-estree': registry.npmjs.org/@typescript-eslint/typescript-estree/5.55.0
      '@typescript-eslint/utils': registry.npmjs.org/@typescript-eslint/utils/5.55.0
      debug: registry.npmjs.org/debug/4.3.4
      tsutils: registry.npmjs.org/tsutils/3.21.0
    transitivePeerDependencies:
      - supports-color
    dev: false

  registry.npmjs.org/@typescript-eslint/types/5.55.0:
    resolution: {integrity: sha512-M4iRh4AG1ChrOL6Y+mETEKGeDnT7Sparn6fhZ5LtVJF1909D5O4uqK+C5NPbLmpfZ0XIIxCdwzKiijpZUOvOug==, registry: https://npm.pkg.github.com/specialblend, tarball: https://registry.npmjs.org/@typescript-eslint/types/-/types-5.55.0.tgz}
    name: '@typescript-eslint/types'
    version: 5.55.0
    engines: {node: ^12.22.0 || ^14.17.0 || >=16.0.0}
    dev: false

  registry.npmjs.org/@typescript-eslint/typescript-estree/5.55.0:
    resolution: {integrity: sha512-I7X4A9ovA8gdpWMpr7b1BN9eEbvlEtWhQvpxp/yogt48fy9Lj3iE3ild/1H3jKBBIYj5YYJmS2+9ystVhC7eaQ==, registry: https://npm.pkg.github.com/specialblend, tarball: https://registry.npmjs.org/@typescript-eslint/typescript-estree/-/typescript-estree-5.55.0.tgz}
    name: '@typescript-eslint/typescript-estree'
    version: 5.55.0
    engines: {node: ^12.22.0 || ^14.17.0 || >=16.0.0}
    peerDependencies:
      typescript: '*'
    peerDependenciesMeta:
      typescript:
        optional: true
    dependencies:
      '@typescript-eslint/types': registry.npmjs.org/@typescript-eslint/types/5.55.0
      '@typescript-eslint/visitor-keys': registry.npmjs.org/@typescript-eslint/visitor-keys/5.55.0
      debug: registry.npmjs.org/debug/4.3.4
      globby: registry.npmjs.org/globby/11.1.0
      is-glob: registry.npmjs.org/is-glob/4.0.3
      semver: registry.npmjs.org/semver/7.3.8
      tsutils: registry.npmjs.org/tsutils/3.21.0
    transitivePeerDependencies:
      - supports-color
    dev: false

  registry.npmjs.org/@typescript-eslint/utils/5.55.0:
    resolution: {integrity: sha512-FkW+i2pQKcpDC3AY6DU54yl8Lfl14FVGYDgBTyGKB75cCwV3KpkpTMFi9d9j2WAJ4271LR2HeC5SEWF/CZmmfw==, registry: https://npm.pkg.github.com/specialblend, tarball: https://registry.npmjs.org/@typescript-eslint/utils/-/utils-5.55.0.tgz}
    name: '@typescript-eslint/utils'
    version: 5.55.0
    engines: {node: ^12.22.0 || ^14.17.0 || >=16.0.0}
    peerDependencies:
      eslint: ^6.0.0 || ^7.0.0 || ^8.0.0
    dependencies:
      '@eslint-community/eslint-utils': registry.npmjs.org/@eslint-community/eslint-utils/4.3.0
      '@types/json-schema': registry.npmjs.org/@types/json-schema/7.0.11
      '@types/semver': registry.npmjs.org/@types/semver/7.3.13
      '@typescript-eslint/scope-manager': registry.npmjs.org/@typescript-eslint/scope-manager/5.55.0
      '@typescript-eslint/types': registry.npmjs.org/@typescript-eslint/types/5.55.0
      '@typescript-eslint/typescript-estree': registry.npmjs.org/@typescript-eslint/typescript-estree/5.55.0
      eslint-scope: registry.npmjs.org/eslint-scope/5.1.1
      semver: registry.npmjs.org/semver/7.3.8
    transitivePeerDependencies:
      - supports-color
      - typescript
    dev: false

  registry.npmjs.org/@typescript-eslint/visitor-keys/5.55.0:
    resolution: {integrity: sha512-q2dlHHwWgirKh1D3acnuApXG+VNXpEY5/AwRxDVuEQpxWaB0jCDe0jFMVMALJ3ebSfuOVE8/rMS+9ZOYGg1GWw==, registry: https://npm.pkg.github.com/specialblend, tarball: https://registry.npmjs.org/@typescript-eslint/visitor-keys/-/visitor-keys-5.55.0.tgz}
    name: '@typescript-eslint/visitor-keys'
    version: 5.55.0
    engines: {node: ^12.22.0 || ^14.17.0 || >=16.0.0}
    dependencies:
      '@typescript-eslint/types': registry.npmjs.org/@typescript-eslint/types/5.55.0
      eslint-visitor-keys: registry.npmjs.org/eslint-visitor-keys/3.3.0
    dev: false

  registry.npmjs.org/array-union/2.1.0:
    resolution: {integrity: sha512-HGyxoOTYUyCM6stUe6EJgnd4EoewAI7zMdfqO+kGjnlZmBDz/cR5pf8r/cR4Wq60sL/p0IkcjUEEPwS3GFrIyw==, registry: https://npm.pkg.github.com/specialblend, tarball: https://registry.npmjs.org/array-union/-/array-union-2.1.0.tgz}
    name: array-union
    version: 2.1.0
    engines: {node: '>=8'}
    dev: false

  registry.npmjs.org/braces/3.0.2:
    resolution: {integrity: sha512-b8um+L1RzM3WDSzvhm6gIz1yfTbBt6YTlcEKAvsmqCZZFw46z626lVj9j1yEPW33H5H+lBQpZMP1k8l+78Ha0A==, registry: https://npm.pkg.github.com/specialblend, tarball: https://registry.npmjs.org/braces/-/braces-3.0.2.tgz}
    name: braces
    version: 3.0.2
    engines: {node: '>=8'}
    dependencies:
      fill-range: registry.npmjs.org/fill-range/7.0.1
    dev: false

  registry.npmjs.org/debug/4.3.4:
    resolution: {integrity: sha512-PRWFHuSU3eDtQJPvnNY7Jcket1j0t5OuOsFzPPzsekD52Zl8qUfFIPEiswXqIvHWGVHOgX+7G/vCNNhehwxfkQ==, registry: https://npm.pkg.github.com/specialblend, tarball: https://registry.npmjs.org/debug/-/debug-4.3.4.tgz}
    name: debug
    version: 4.3.4
    engines: {node: '>=6.0'}
    peerDependencies:
      supports-color: '*'
    peerDependenciesMeta:
      supports-color:
        optional: true
    dependencies:
      ms: registry.npmjs.org/ms/2.1.2
    dev: false

  registry.npmjs.org/dir-glob/3.0.1:
    resolution: {integrity: sha512-WkrWp9GR4KXfKGYzOLmTuGVi1UWFfws377n9cc55/tb6DuqyF6pcQ5AbiHEshaDpY9v6oaSr2XCDidGmMwdzIA==, registry: https://npm.pkg.github.com/specialblend, tarball: https://registry.npmjs.org/dir-glob/-/dir-glob-3.0.1.tgz}
    name: dir-glob
    version: 3.0.1
    engines: {node: '>=8'}
    dependencies:
      path-type: registry.npmjs.org/path-type/4.0.0
    dev: false

  registry.npmjs.org/eslint-config-import/0.13.0:
    resolution: {integrity: sha512-aKVq0ujBTsQaUzucOK5aRz40oTU/lr8MfF7I05eF8iGBQW/Jq49vQxxy8qiLcut96UKuGhOCn6AY/jYk/ZaaKQ==, registry: https://npm.pkg.github.com/specialblend, tarball: https://registry.npmjs.org/eslint-config-import/-/eslint-config-import-0.13.0.tgz}
    name: eslint-config-import
    version: 0.13.0
    peerDependencies:
      eslint-plugin-import: 0.13.x
    dev: false

  registry.npmjs.org/eslint-plugin-prettier/4.2.1:
    resolution: {integrity: sha512-f/0rXLXUt0oFYs8ra4w49wYZBG5GKZpAYsJSm6rnYL5uVDjd+zowwMwVZHnAjf4edNrKpCDYfXDgmRE/Ak7QyQ==, registry: https://npm.pkg.github.com/specialblend, tarball: https://registry.npmjs.org/eslint-plugin-prettier/-/eslint-plugin-prettier-4.2.1.tgz}
    name: eslint-plugin-prettier
    version: 4.2.1
    engines: {node: '>=12.0.0'}
    peerDependencies:
      eslint: '>=7.28.0'
      eslint-config-prettier: '*'
      prettier: '>=2.0.0'
    peerDependenciesMeta:
      eslint-config-prettier:
        optional: true
    dependencies:
      prettier-linter-helpers: registry.npmjs.org/prettier-linter-helpers/1.0.0
    dev: false

  registry.npmjs.org/eslint-scope/5.1.1:
    resolution: {integrity: sha512-2NxwbF/hZ0KpepYN0cNbo+FN6XoK7GaHlQhgx/hIZl6Va0bF45RQOOwhLIy8lQDbuCiadSLCBnH2CFYquit5bw==, registry: https://npm.pkg.github.com/specialblend, tarball: https://registry.npmjs.org/eslint-scope/-/eslint-scope-5.1.1.tgz}
    name: eslint-scope
    version: 5.1.1
    engines: {node: '>=8.0.0'}
    dependencies:
      esrecurse: registry.npmjs.org/esrecurse/4.3.0
      estraverse: registry.npmjs.org/estraverse/4.3.0
    dev: false

  registry.npmjs.org/eslint-visitor-keys/3.3.0:
    resolution: {integrity: sha512-mQ+suqKJVyeuwGYHAdjMFqjCyfl8+Ldnxuyp3ldiMBFKkvytrXUZWaiPCEav8qDHKty44bD+qV1IP4T+w+xXRA==, registry: https://npm.pkg.github.com/specialblend, tarball: https://registry.npmjs.org/eslint-visitor-keys/-/eslint-visitor-keys-3.3.0.tgz}
    name: eslint-visitor-keys
    version: 3.3.0
    engines: {node: ^12.22.0 || ^14.17.0 || >=16.0.0}
    dev: false

  registry.npmjs.org/esrecurse/4.3.0:
    resolution: {integrity: sha512-KmfKL3b6G+RXvP8N1vr3Tq1kL/oCFgn2NYXEtqP8/L3pKapUA4G8cFVaoF3SU323CD4XypR/ffioHmkti6/Tag==, registry: https://npm.pkg.github.com/specialblend, tarball: https://registry.npmjs.org/esrecurse/-/esrecurse-4.3.0.tgz}
    name: esrecurse
    version: 4.3.0
    engines: {node: '>=4.0'}
    dependencies:
      estraverse: registry.npmjs.org/estraverse/5.3.0
    dev: false

  registry.npmjs.org/estraverse/4.3.0:
    resolution: {integrity: sha512-39nnKffWz8xN1BU/2c79n9nB9HDzo0niYUqx6xyqUnyoAnQyyWpOTdZEeiCch8BBu515t4wp9ZmgVfVhn9EBpw==, registry: https://npm.pkg.github.com/specialblend, tarball: https://registry.npmjs.org/estraverse/-/estraverse-4.3.0.tgz}
    name: estraverse
    version: 4.3.0
    engines: {node: '>=4.0'}
    dev: false

  registry.npmjs.org/estraverse/5.3.0:
    resolution: {integrity: sha512-MMdARuVEQziNTeJD8DgMqmhwR11BRQ/cBP+pLtYdSTnf3MIO8fFeiINEbX36ZdNlfU/7A9f3gUw49B3oQsvwBA==, registry: https://npm.pkg.github.com/specialblend, tarball: https://registry.npmjs.org/estraverse/-/estraverse-5.3.0.tgz}
    name: estraverse
    version: 5.3.0
    engines: {node: '>=4.0'}
    dev: false

  registry.npmjs.org/fast-diff/1.2.0:
    resolution: {integrity: sha512-xJuoT5+L99XlZ8twedaRf6Ax2TgQVxvgZOYoPKqZufmJib0tL2tegPBOZb1pVNgIhlqDlA0eO0c3wBvQcmzx4w==, registry: https://npm.pkg.github.com/specialblend, tarball: https://registry.npmjs.org/fast-diff/-/fast-diff-1.2.0.tgz}
    name: fast-diff
    version: 1.2.0
    dev: false

  registry.npmjs.org/fast-glob/3.2.12:
    resolution: {integrity: sha512-DVj4CQIYYow0BlaelwK1pHl5n5cRSJfM60UA0zK891sVInoPri2Ekj7+e1CT3/3qxXenpI+nBBmQAcJPJgaj4w==, registry: https://npm.pkg.github.com/specialblend, tarball: https://registry.npmjs.org/fast-glob/-/fast-glob-3.2.12.tgz}
    name: fast-glob
    version: 3.2.12
    engines: {node: '>=8.6.0'}
    dependencies:
      '@nodelib/fs.stat': registry.npmjs.org/@nodelib/fs.stat/2.0.5
      '@nodelib/fs.walk': registry.npmjs.org/@nodelib/fs.walk/1.2.8
      glob-parent: registry.npmjs.org/glob-parent/5.1.2
      merge2: registry.npmjs.org/merge2/1.4.1
      micromatch: registry.npmjs.org/micromatch/4.0.5
    dev: false

  registry.npmjs.org/fastq/1.15.0:
    resolution: {integrity: sha512-wBrocU2LCXXa+lWBt8RoIRD89Fi8OdABODa/kEnyeyjS5aZO5/GNvI5sEINADqP/h8M29UHTHUb53sUu5Ihqdw==, registry: https://npm.pkg.github.com/specialblend, tarball: https://registry.npmjs.org/fastq/-/fastq-1.15.0.tgz}
    name: fastq
    version: 1.15.0
    dependencies:
      reusify: registry.npmjs.org/reusify/1.0.4
    dev: false

  registry.npmjs.org/fill-range/7.0.1:
    resolution: {integrity: sha512-qOo9F+dMUmC2Lcb4BbVvnKJxTPjCm+RRpe4gDuGrzkL7mEVl/djYSu2OdQ2Pa302N4oqkSg9ir6jaLWJ2USVpQ==, registry: https://npm.pkg.github.com/specialblend, tarball: https://registry.npmjs.org/fill-range/-/fill-range-7.0.1.tgz}
    name: fill-range
    version: 7.0.1
    engines: {node: '>=8'}
    dependencies:
      to-regex-range: registry.npmjs.org/to-regex-range/5.0.1
    dev: false

  registry.npmjs.org/glob-parent/5.1.2:
    resolution: {integrity: sha512-AOIgSQCepiJYwP3ARnGx+5VnTu2HBYdzbGP45eLw1vr3zB3vZLeyed1sC9hnbcOc9/SrMyM5RPQrkGz4aS9Zow==, registry: https://npm.pkg.github.com/specialblend, tarball: https://registry.npmjs.org/glob-parent/-/glob-parent-5.1.2.tgz}
    name: glob-parent
    version: 5.1.2
    engines: {node: '>= 6'}
    dependencies:
      is-glob: registry.npmjs.org/is-glob/4.0.3
    dev: false

  registry.npmjs.org/globby/11.1.0:
    resolution: {integrity: sha512-jhIXaOzy1sb8IyocaruWSn1TjmnBVs8Ayhcy83rmxNJ8q2uWKCAj3CnJY+KpGSXCueAPc0i05kVvVKtP1t9S3g==, registry: https://npm.pkg.github.com/specialblend, tarball: https://registry.npmjs.org/globby/-/globby-11.1.0.tgz}
    name: globby
    version: 11.1.0
    engines: {node: '>=10'}
    dependencies:
      array-union: registry.npmjs.org/array-union/2.1.0
      dir-glob: registry.npmjs.org/dir-glob/3.0.1
      fast-glob: registry.npmjs.org/fast-glob/3.2.12
      ignore: registry.npmjs.org/ignore/5.2.4
      merge2: registry.npmjs.org/merge2/1.4.1
      slash: registry.npmjs.org/slash/3.0.0
    dev: false

  registry.npmjs.org/grapheme-splitter/1.0.4:
    resolution: {integrity: sha512-bzh50DW9kTPM00T8y4o8vQg89Di9oLJVLW/KaOGIXJWP/iqCN6WKYkbNOF04vFLJhwcpYUh9ydh/+5vpOqV4YQ==, registry: https://npm.pkg.github.com/specialblend, tarball: https://registry.npmjs.org/grapheme-splitter/-/grapheme-splitter-1.0.4.tgz}
    name: grapheme-splitter
    version: 1.0.4
    dev: false

  registry.npmjs.org/ignore/5.2.4:
    resolution: {integrity: sha512-MAb38BcSbH0eHNBxn7ql2NH/kX33OkB3lZ1BNdh7ENeRChHTYsTvWrMubiIAMNS2llXEEgZ1MUOBtXChP3kaFQ==, registry: https://npm.pkg.github.com/specialblend, tarball: https://registry.npmjs.org/ignore/-/ignore-5.2.4.tgz}
    name: ignore
    version: 5.2.4
    engines: {node: '>= 4'}
    dev: false

  registry.npmjs.org/is-extglob/2.1.1:
    resolution: {integrity: sha512-SbKbANkN603Vi4jEZv49LeVJMn4yGwsbzZworEoyEiutsN3nJYdbO36zfhGJ6QEDpOZIFkDtnq5JRxmvl3jsoQ==, registry: https://npm.pkg.github.com/specialblend, tarball: https://registry.npmjs.org/is-extglob/-/is-extglob-2.1.1.tgz}
    name: is-extglob
    version: 2.1.1
    engines: {node: '>=0.10.0'}
    dev: false

  registry.npmjs.org/is-glob/4.0.3:
    resolution: {integrity: sha512-xelSayHH36ZgE7ZWhli7pW34hNbNl8Ojv5KVmkJD4hBdD3th8Tfk9vYasLM+mXWOZhFkgZfxhLSnrwRr4elSSg==, registry: https://npm.pkg.github.com/specialblend, tarball: https://registry.npmjs.org/is-glob/-/is-glob-4.0.3.tgz}
    name: is-glob
    version: 4.0.3
    engines: {node: '>=0.10.0'}
    dependencies:
      is-extglob: registry.npmjs.org/is-extglob/2.1.1
    dev: false

  registry.npmjs.org/is-number/7.0.0:
    resolution: {integrity: sha512-41Cifkg6e8TylSpdtTpeLVMqvSBEVzTttHvERD741+pnZ8ANv0004MRL43QKPDlK9cGvNp6NZWZUBlbGXYxxng==, registry: https://npm.pkg.github.com/specialblend, tarball: https://registry.npmjs.org/is-number/-/is-number-7.0.0.tgz}
    name: is-number
    version: 7.0.0
    engines: {node: '>=0.12.0'}
    dev: false

  registry.npmjs.org/lru-cache/6.0.0:
    resolution: {integrity: sha512-Jo6dJ04CmSjuznwJSS3pUeWmd/H0ffTlkXXgwZi+eq1UCmqQwCh+eLsYOYCwY991i2Fah4h1BEMCx4qThGbsiA==, registry: https://npm.pkg.github.com/specialblend, tarball: https://registry.npmjs.org/lru-cache/-/lru-cache-6.0.0.tgz}
    name: lru-cache
    version: 6.0.0
    engines: {node: '>=10'}
    dependencies:
      yallist: registry.npmjs.org/yallist/4.0.0
    dev: false

  registry.npmjs.org/merge2/1.4.1:
    resolution: {integrity: sha512-8q7VEgMJW4J8tcfVPy8g09NcQwZdbwFEqhe/WZkoIzjn/3TGDwtOCYtXGxA3O8tPzpczCCDgv+P2P5y00ZJOOg==, registry: https://npm.pkg.github.com/specialblend, tarball: https://registry.npmjs.org/merge2/-/merge2-1.4.1.tgz}
    name: merge2
    version: 1.4.1
    engines: {node: '>= 8'}
    dev: false

  registry.npmjs.org/micromatch/4.0.5:
    resolution: {integrity: sha512-DMy+ERcEW2q8Z2Po+WNXuw3c5YaUSFjAO5GsJqfEl7UjvtIuFKO6ZrKvcItdy98dwFI2N1tg3zNIdKaQT+aNdA==, registry: https://npm.pkg.github.com/specialblend, tarball: https://registry.npmjs.org/micromatch/-/micromatch-4.0.5.tgz}
    name: micromatch
    version: 4.0.5
    engines: {node: '>=8.6'}
    dependencies:
      braces: registry.npmjs.org/braces/3.0.2
      picomatch: registry.npmjs.org/picomatch/2.3.1
    dev: false

  registry.npmjs.org/ms/2.1.2:
    resolution: {integrity: sha512-sGkPx+VjMtmA6MX27oA4FBFELFCZZ4S4XqeGOXCv68tT+jb3vk/RyaKWP0PTKyWtmLSM0b+adUTEvbs1PEaH2w==, registry: https://npm.pkg.github.com/specialblend, tarball: https://registry.npmjs.org/ms/-/ms-2.1.2.tgz}
    name: ms
    version: 2.1.2
    dev: false

  registry.npmjs.org/natural-compare-lite/1.4.0:
    resolution: {integrity: sha512-Tj+HTDSJJKaZnfiuw+iaF9skdPpTo2GtEly5JHnWV/hfv2Qj/9RKsGISQtLh2ox3l5EAGw487hnBee0sIJ6v2g==, registry: https://npm.pkg.github.com/specialblend, tarball: https://registry.npmjs.org/natural-compare-lite/-/natural-compare-lite-1.4.0.tgz}
    name: natural-compare-lite
    version: 1.4.0
    dev: false

  registry.npmjs.org/path-type/4.0.0:
    resolution: {integrity: sha512-gDKb8aZMDeD/tZWs9P6+q0J9Mwkdl6xMV8TjnGP3qJVJ06bdMgkbBlLU8IdfOsIsFz2BW1rNVT3XuNEl8zPAvw==, registry: https://npm.pkg.github.com/specialblend, tarball: https://registry.npmjs.org/path-type/-/path-type-4.0.0.tgz}
    name: path-type
    version: 4.0.0
    engines: {node: '>=8'}
    dev: false

  registry.npmjs.org/picomatch/2.3.1:
    resolution: {integrity: sha512-JU3teHTNjmE2VCGFzuY8EXzCDVwEqB2a8fsIvwaStHhAWJEeVd1o1QD80CU6+ZdEXXSLbSsuLwJjkCBWqRQUVA==, registry: https://npm.pkg.github.com/specialblend, tarball: https://registry.npmjs.org/picomatch/-/picomatch-2.3.1.tgz}
    name: picomatch
    version: 2.3.1
    engines: {node: '>=8.6'}
    dev: false

  registry.npmjs.org/prettier-linter-helpers/1.0.0:
    resolution: {integrity: sha512-GbK2cP9nraSSUF9N2XwUwqfzlAFlMNYYl+ShE/V+H8a9uNl/oUqB1w2EL54Jh0OlyRSd8RfWYJ3coVS4TROP2w==, registry: https://npm.pkg.github.com/specialblend, tarball: https://registry.npmjs.org/prettier-linter-helpers/-/prettier-linter-helpers-1.0.0.tgz}
    name: prettier-linter-helpers
    version: 1.0.0
    engines: {node: '>=6.0.0'}
    dependencies:
      fast-diff: registry.npmjs.org/fast-diff/1.2.0
    dev: false

  registry.npmjs.org/queue-microtask/1.2.3:
    resolution: {integrity: sha512-NuaNSa6flKT5JaSYQzJok04JzTL1CA6aGhv5rfLW3PgqA+M2ChpZQnAC8h8i4ZFkBS8X5RqkDBHA7r4hej3K9A==, registry: https://npm.pkg.github.com/specialblend, tarball: https://registry.npmjs.org/queue-microtask/-/queue-microtask-1.2.3.tgz}
    name: queue-microtask
    version: 1.2.3
    dev: false

  registry.npmjs.org/reusify/1.0.4:
    resolution: {integrity: sha512-U9nH88a3fc/ekCF1l0/UP1IosiuIjyTh7hBvXVMHYgVcfGvt897Xguj2UOLDeI5BG2m7/uwyaLVT6fbtCwTyzw==, registry: https://npm.pkg.github.com/specialblend, tarball: https://registry.npmjs.org/reusify/-/reusify-1.0.4.tgz}
    name: reusify
    version: 1.0.4
    engines: {iojs: '>=1.0.0', node: '>=0.10.0'}
    dev: false

  registry.npmjs.org/run-parallel/1.2.0:
    resolution: {integrity: sha512-5l4VyZR86LZ/lDxZTR6jqL8AFE2S0IFLMP26AbjsLVADxHdhB/c0GUsH+y39UfCi3dzz8OlQuPmnaJOMoDHQBA==, registry: https://npm.pkg.github.com/specialblend, tarball: https://registry.npmjs.org/run-parallel/-/run-parallel-1.2.0.tgz}
    name: run-parallel
    version: 1.2.0
    dependencies:
      queue-microtask: registry.npmjs.org/queue-microtask/1.2.3
    dev: false

  registry.npmjs.org/semver/7.3.8:
    resolution: {integrity: sha512-NB1ctGL5rlHrPJtFDVIVzTyQylMLu9N9VICA6HSFJo8MCGVTMW6gfpicwKmmK/dAjTOrqu5l63JJOpDSrAis3A==, registry: https://npm.pkg.github.com/specialblend, tarball: https://registry.npmjs.org/semver/-/semver-7.3.8.tgz}
    name: semver
    version: 7.3.8
    engines: {node: '>=10'}
    hasBin: true
    dependencies:
      lru-cache: registry.npmjs.org/lru-cache/6.0.0
    dev: false

  registry.npmjs.org/slash/3.0.0:
    resolution: {integrity: sha512-g9Q1haeby36OSStwb4ntCGGGaKsaVSjQ68fBxoQcutl5fS1vuY18H3wSt3jFyFtrkx+Kz0V1G85A4MyAdDMi2Q==, registry: https://npm.pkg.github.com/specialblend, tarball: https://registry.npmjs.org/slash/-/slash-3.0.0.tgz}
    name: slash
    version: 3.0.0
    engines: {node: '>=8'}
    dev: false

  registry.npmjs.org/to-regex-range/5.0.1:
    resolution: {integrity: sha512-65P7iz6X5yEr1cwcgvQxbbIw7Uk3gOy5dIdtZ4rDveLqhrdJP+Li/Hx6tyK0NEb+2GCyneCMJiGqrADCSNk8sQ==, registry: https://npm.pkg.github.com/specialblend, tarball: https://registry.npmjs.org/to-regex-range/-/to-regex-range-5.0.1.tgz}
    name: to-regex-range
    version: 5.0.1
    engines: {node: '>=8.0'}
    dependencies:
      is-number: registry.npmjs.org/is-number/7.0.0
    dev: false

  registry.npmjs.org/tslib/1.14.1:
    resolution: {integrity: sha512-Xni35NKzjgMrwevysHTCArtLDpPvye8zV/0E4EyYn43P7/7qvQwPh9BGkHewbMulVntbigmcT7rdX3BNo9wRJg==, registry: https://npm.pkg.github.com/specialblend, tarball: https://registry.npmjs.org/tslib/-/tslib-1.14.1.tgz}
    name: tslib
    version: 1.14.1
    dev: false

  registry.npmjs.org/tsutils/3.21.0:
    resolution: {integrity: sha512-mHKK3iUXL+3UF6xL5k0PEhKRUBKPBCv/+RkEOpjRWxxx27KKRBmmA60A9pgOUvMi8GKhRMPEmjBRPzs2W7O1OA==, registry: https://npm.pkg.github.com/specialblend, tarball: https://registry.npmjs.org/tsutils/-/tsutils-3.21.0.tgz}
    name: tsutils
    version: 3.21.0
    engines: {node: '>= 6'}
    peerDependencies:
      typescript: '>=2.8.0 || >= 3.2.0-dev || >= 3.3.0-dev || >= 3.4.0-dev || >= 3.5.0-dev || >= 3.6.0-dev || >= 3.6.0-beta || >= 3.7.0-dev || >= 3.7.0-beta'
    dependencies:
      tslib: registry.npmjs.org/tslib/1.14.1
    dev: false

  registry.npmjs.org/yallist/4.0.0:
    resolution: {integrity: sha512-3wdGidZyq5PB084XLES5TpOSRA3wjXAlIWMhum2kRcv/41Sn2emQ0dycQW4uZXLejwKvg6EsvbdlVL+FYEct7A==, registry: https://npm.pkg.github.com/specialblend, tarball: https://registry.npmjs.org/yallist/-/yallist-4.0.0.tgz}
    name: yallist
    version: 4.0.0
    dev: false
